
Microsoft Visual Studio Solution File, Format Version 12.00
# Visual Studio Version 16
VisualStudioVersion = 16.0.31019.35
MinimumVisualStudioVersion = 10.0.40219.1
Project("{FAE04EC0-301F-11D3-BF4B-00C04F79EFBC}") = "TrackerLibrary", "TrackerLibrary\TrackerLibrary.csproj", "{7611FFC6-E6DA-4B1A-B545-820B424F484A}"
EndProject
Project("{FAE04EC0-301F-11D3-BF4B-00C04F79EFBC}") = "TrackerUI", "TrackerUI\TrackerUI.csproj", "{82484C90-0D3C-424D-B936-2AF9F8CC846A}"
EndProject
Global
	GlobalSection(SolutionConfigurationPlatforms) = preSolution
		Debug|Any CPU = Debug|Any CPU
		Release|Any CPU = Release|Any CPU
	EndGlobalSection
	GlobalSection(ProjectConfigurationPlatforms) = postSolution
		{7611FFC6-E6DA-4B1A-B545-820B424F484A}.Debug|Any CPU.ActiveCfg = Debug|Any CPU
		{7611FFC6-E6DA-4B1A-B545-820B424F484A}.Debug|Any CPU.Build.0 = Debug|Any CPU
		{7611FFC6-E6DA-4B1A-B545-820B424F484A}.Release|Any CPU.ActiveCfg = Release|Any CPU
		{7611FFC6-E6DA-4B1A-B545-820B424F484A}.Release|Any CPU.Build.0 = Release|Any CPU
		{82484C90-0D3C-424D-B936-2AF9F8CC846A}.Debug|Any CPU.ActiveCfg = Debug|Any CPU
		{82484C90-0D3C-424D-B936-2AF9F8CC846A}.Debug|Any CPU.Build.0 = Debug|Any CPU
		{82484C90-0D3C-424D-B936-2AF9F8CC846A}.Release|Any CPU.ActiveCfg = Release|Any CPU
		{82484C90-0D3C-424D-B936-2AF9F8CC846A}.Release|Any CPU.Build.0 = Release|Any CPU
	EndGlobalSection
	GlobalSection(SolutionProperties) = preSolution
		HideSolutionNode = FALSE
	EndGlobalSection
	GlobalSection(ExtensibilityGlobals) = postSolution
		SolutionGuid = {A18DA7D0-F0FF-4B15-8422-C5B8D2347D99}
	EndGlobalSection
EndGlobal
